// !$*UTF8*$!
{
	archiveVersion = 1;
	classes = {
	};
	objectVersion = 50;
	objects = {

/* Begin PBXBuildFile section */
		D1C77A602369D339006D72CC /* AppDelegate.m in Sources */ = {isa = PBXBuildFile; fileRef = D1C77A5F2369D339006D72CC /* AppDelegate.m */; };
		D1C77A632369D339006D72CC /* ViewController.m in Sources */ = {isa = PBXBuildFile; fileRef = D1C77A622369D339006D72CC /* ViewController.m */; };
		D1C77A662369D339006D72CC /* Main.storyboard in Resources */ = {isa = PBXBuildFile; fileRef = D1C77A642369D339006D72CC /* Main.storyboard */; };
		D1C77A682369D33A006D72CC /* Assets.xcassets in Resources */ = {isa = PBXBuildFile; fileRef = D1C77A672369D33A006D72CC /* Assets.xcassets */; };
		D1C77A6B2369D33A006D72CC /* LaunchScreen.storyboard in Resources */ = {isa = PBXBuildFile; fileRef = D1C77A692369D33A006D72CC /* LaunchScreen.storyboard */; };
		D1C77A6E2369D33A006D72CC /* main.m in Sources */ = {isa = PBXBuildFile; fileRef = D1C77A6D2369D33A006D72CC /* main.m */; };
/* End PBXBuildFile section */

/* Begin PBXFileReference section */
		D1C77A5B2369D339006D72CC /* Meta.app */ = {isa = PBXFileReference; explicitFileType = wrapper.application; includeInIndex = 0; path = Meta.app; sourceTree = BUILT_PRODUCTS_DIR; };
		D1C77A5E2369D339006D72CC /* AppDelegate.h */ = {isa = PBXFileReference; lastKnownFileType = sourcecode.c.h; path = AppDelegate.h; sourceTree = "<group>"; };
		D1C77A5F2369D339006D72CC /* AppDelegate.m */ = {isa = PBXFileReference; lastKnownFileType = sourcecode.c.objc; path = AppDelegate.m; sourceTree = "<group>"; };
		D1C77A612369D339006D72CC /* ViewController.h */ = {isa = PBXFileReference; lastKnownFileType = sourcecode.c.h; path = ViewController.h; sourceTree = "<group>"; };
		D1C77A622369D339006D72CC /* ViewController.m */ = {isa = PBXFileReference; lastKnownFileType = sourcecode.c.objc; path = ViewController.m; sourceTree = "<group>"; };
		D1C77A652369D339006D72CC /* Base */ = {isa = PBXFileReference; lastKnownFileType = file.storyboard; name = Base; path = Base.lproj/Main.storyboard; sourceTree = "<group>"; };
		D1C77A672369D33A006D72CC /* Assets.xcassets */ = {isa = PBXFileReference; lastKnownFileType = folder.assetcatalog; path = Assets.xcassets; sourceTree = "<group>"; };
		D1C77A6A2369D33A006D72CC /* Base */ = {isa = PBXFileReference; lastKnownFileType = file.storyboard; name = Base; path = Base.lproj/LaunchScreen.storyboard; sourceTree = "<group>"; };
		D1C77A6C2369D33A006D72CC /* Info.plist */ = {isa = PBXFileReference; lastKnownFileType = text.plist.xml; path = Info.plist; sourceTree = "<group>"; };
		D1C77A6D2369D33A006D72CC /* main.m */ = {isa = PBXFileReference; lastKnownFileType = sourcecode.c.objc; path = main.m; sourceTree = "<group>"; };
/* End PBXFileReference section */

/* Begin PBXFrameworksBuildPhase section */
		D1C77A582369D339006D72CC /* Frameworks */ = {
			isa = PBXFrameworksBuildPhase;
			buildActionMask = 2147483647;
			files = (
			);
			runOnlyForDeploymentPostprocessing = 0;
		};
/* End PBXFrameworksBuildPhase section */

/* Begin PBXGroup section */
		D1C77A522369D339006D72CC = {
			isa = PBXGroup;
			children = (
				D1C77A5D2369D339006D72CC /* Meta */,
				D1C77A5C2369D339006D72CC /* Products */,
			);
			sourceTree = "<group>";
		};
		D1C77A5C2369D339006D72CC /* Products */ = {
			isa = PBXGroup;
			children = (
				D1C77A5B2369D339006D72CC /* Meta.app */,
			);
			name = Products;
			sourceTree = "<group>";
		};
		D1C77A5D2369D339006D72CC /* Meta */ = {
			isa = PBXGroup;
			children = (
				D1C77A5E2369D339006D72CC /* AppDelegate.h */,
				D1C77A5F2369D339006D72CC /* AppDelegate.m */,
				D1C77A612369D339006D72CC /* ViewController.h */,
				D1C77A622369D339006D72CC /* ViewController.m */,
				D1C77A642369D339006D72CC /* Main.storyboard */,
				D1C77A672369D33A006D72CC /* Assets.xcassets */,
				D1C77A692369D33A006D72CC /* LaunchScreen.storyboard */,
				D1C77A6C2369D33A006D72CC /* Info.plist */,
				D1C77A6D2369D33A006D72CC /* main.m */,
			);
			path = Meta;
			sourceTree = "<group>";
		};
/* End PBXGroup section */

/* Begin PBXNativeTarget section */
		D1C77A5A2369D339006D72CC /* Meta */ = {
			isa = PBXNativeTarget;
			buildConfigurationList = D1C77A712369D33A006D72CC /* Build configuration list for PBXNativeTarget "Meta" */;
			buildPhases = (
				D1C77A572369D339006D72CC /* Sources */,
				D1C77A582369D339006D72CC /* Frameworks */,
				D1C77A592369D339006D72CC /* Resources */,
			);
			buildRules = (
			);
			dependencies = (
			);
			name = Meta;
			productName = Meta;
			productReference = D1C77A5B2369D339006D72CC /* Meta.app */;
			productType = "com.apple.product-type.application";
		};
/* End PBXNativeTarget section */

/* Begin PBXProject section */
		D1C77A532369D339006D72CC /* Project object */ = {
			isa = PBXProject;
			attributes = {
				LastUpgradeCheck = 1020;
				ORGANIZATIONNAME = "Konstantin Klyatskin";
				TargetAttributes = {
					D1C77A5A2369D339006D72CC = {
						CreatedOnToolsVersion = 10.2.1;
					};
				};
			};
			buildConfigurationList = D1C77A562369D339006D72CC /* Build configuration list for PBXProject "Meta" */;
			compatibilityVersion = "Xcode 9.3";
			developmentRegion = en;
			hasScannedForEncodings = 0;
			knownRegions = (
				en,
				Base,
			);
			mainGroup = D1C77A522369D339006D72CC;
			productRefGroup = D1C77A5C2369D339006D72CC /* Products */;
			projectDirPath = "";
			projectRoot = "";
			targets = (
				D1C77A5A2369D339006D72CC /* Meta */,
			);
		};
/* End PBXProject section */

/* Begin PBXResourcesBuildPhase section */
		D1C77A592369D339006D72CC /* Resources */ = {
			isa = PBXResourcesBuildPhase;
			buildActionMask = 2147483647;
			files = (
				D1C77A6B2369D33A006D72CC /* LaunchScreen.storyboard in Resources */,
				D1C77A682369D33A006D72CC /* Assets.xcassets in Resources */,
				D1C77A662369D339006D72CC /* Main.storyboard in Resources */,
			);
			runOnlyForDeploymentPostprocessing = 0;
		};
/* End PBXResourcesBuildPhase section */

/* Begin PBXSourcesBuildPhase section */
		D1C77A572369D339006D72CC /* Sources */ = {
			isa = PBXSourcesBuildPhase;
			buildActionMask = 2147483647;
			files = (
				D1C77A632369D339006D72CC /* ViewController.m in Sources */,
				D1C77A6E2369D33A006D72CC /* main.m in Sources */,
				D1C77A602369D339006D72CC /* AppDelegate.m in Sources */,
			);
			runOnlyForDeploymentPostprocessing = 0;
		};
/* End PBXSourcesBuildPhase section */

/* Begin PBXVariantGroup section */
		D1C77A642369D339006D72CC /* Main.storyboard */ = {
			isa = PBXVariantGroup;
			children = (
				D1C77A652369D339006D72CC /* Base */,
			);
			name = Main.storyboard;
			sourceTree = "<group>";
		};
		D1C77A692369D33A006D72CC /* LaunchScreen.storyboard */ = {
			isa = PBXVariantGroup;
			children = (
				D1C77A6A2369D33A006D72CC /* Base */,
			);
			name = LaunchScreen.storyboard;
			sourceTree = "<group>";
		};
/* End PBXVariantGroup section */

/* Begin XCBuildConfiguration section */
		D1C77A6F2369D33A006D72CC /* Debug */ = {
			isa = XCBuildConfiguration;
			buildSettings = {
				ALWAYS_SEARCH_USER_PATHS = NO;
				CLANG_ANALYZER_NONNULL = YES;
				CLANG_ANALYZER_NUMBER_OBJECT_CONVERSION = YES_AGGRESSIVE;
				CLANG_CXX_LANGUAGE_STANDARD = "gnu++14";
				CLANG_CXX_LIBRARY = "libc++";
				CLANG_ENABLE_MODULES = YES;
				CLANG_ENABLE_OBJC_ARC = YES;
				CLANG_ENABLE_OBJC_WEAK = YES;
				CLANG_WARN_BLOCK_CAPTURE_AUTORELEASING = YES;
				CLANG_WARN_BOOL_CONVERSION = YES;
				CLANG_WARN_COMMA = YES;
				CLANG_WARN_CONSTANT_CONVERSION = YES;
				CLANG_WARN_DEPRECATED_OBJC_IMPLEMENTATIONS = YES;
				CLANG_WARN_DIRECT_OBJC_ISA_USAGE = YES_ERROR;
				CLANG_WARN_DOCUMENTATION_COMMENTS = YES;
				CLANG_WARN_EMPTY_BODY = YES;
				CLANG_WARN_ENUM_CONVERSION = YES;
				CLANG_WARN_INFINITE_RECURSION = YES;
				CLANG_WARN_INT_CONVERSION = YES;
				CLANG_WARN_NON_LITERAL_NULL_CONVERSION = YES;
				CLANG_WARN_OBJC_IMPLICIT_RETAIN_SELF = YES;
				CLANG_WARN_OBJC_LITERAL_CONVERSION = YES;
				CLANG_WARN_OBJC_ROOT_CLASS = YES_ERROR;
				CLANG_WARN_RANGE_LOOP_ANALYSIS = YES;
				CLANG_WARN_STRICT_PROTOTYPES = YES;
				CLANG_WARN_SUSPICIOUS_MOVE = YES;
				CLANG_WARN_UNGUARDED_AVAILABILITY = YES_AGGRESSIVE;
				CLANG_WARN_UNREACHABLE_CODE = YES;
				CLANG_WARN__DUPLICATE_METHOD_MATCH = YES;
				CODE_SIGN_IDENTITY = "iPhone Developer";
				COPY_PHASE_STRIP = NO;
				DEBUG_INFORMATION_FORMAT = dwarf;
				ENABLE_STRICT_OBJC_MSGSEND = YES;
				ENABLE_TESTABILITY = YES;
				GCC_C_LANGUAGE_STANDARD = gnu11;
				GCC_DYNAMIC_NO_PIC = NO;
				GCC_NO_COMMON_BLOCKS = YES;
				GCC_OPTIMIZATION_LEVEL = 0;
				GCC_PREPROCESSOR_DEFINITIONS = (
					"DEBUG=1",
					"$(inherited)",
				);
				GCC_WARN_64_TO_32_BIT_CONVERSION = YES;
				GCC_WARN_ABOUT_RETURN_TYPE = YES_ERROR;
				GCC_WARN_UNDECLARED_SELECTOR = YES;
				GCC_WARN_UNINITIALIZED_AUTOS = YES_AGGRESSIVE;
				GCC_WARN_UNUSED_FUNCTION = YES;
				GCC_WARN_UNUSED_VARIABLE = YES;
				IPHONEOS_DEPLOYMENT_TARGET = 12.2;
				MTL_ENABLE_DEBUG_INFO = INCLUDE_SOURCE;
				MTL_FAST_MATH = YES;
				ONLY_ACTIVE_ARCH = YES;
				SDKROOT = iphoneos;
			};
			name = Debug;
		};
		D1C77A702369D33A006D72CC /* Release */ = {
			isa = XCBuildConfiguration;
			buildSettings = {
				ALWAYS_SEARCH_USER_PATHS = NO;
				CLANG_ANALYZER_NONNULL = YES;
				CLANG_ANALYZER_NUMBER_OBJECT_CONVERSION = YES_AGGRESSIVE;
				CLANG_CXX_LANGUAGE_STANDARD = "gnu++14";
				CLANG_CXX_LIBRARY = "libc++";
				CLANG_ENABLE_MODULES = YES;
				CLANG_ENABLE_OBJC_ARC = YES;
				CLANG_ENABLE_OBJC_WEAK = YES;
				CLANG_WARN_BLOCK_CAPTURE_AUTORELEASING = YES;
				CLANG_WARN_BOOL_CONVERSION = YES;
				CLANG_WARN_COMMA = YES;
				CLANG_WARN_CONSTANT_CONVERSION = YES;
				CLANG_WARN_DEPRECATED_OBJC_IMPLEMENTATIONS = YES;
				CLANG_WARN_DIRECT_OBJC_ISA_USAGE = YES_ERROR;
				CLANG_WARN_DOCUMENTATION_COMMENTS = YES;
				CLANG_WARN_EMPTY_BODY = YES;
				CLANG_WARN_ENUM_CONVERSION = YES;
				CLANG_WARN_INFINITE_RECURSION = YES;
				CLANG_WARN_INT_CONVERSION = YES;
				CLANG_WARN_NON_LITERAL_NULL_CONVERSION = YES;
				CLANG_WARN_OBJC_IMPLICIT_RETAIN_SELF = YES;
				CLANG_WARN_OBJC_LITERAL_CONVERSION = YES;
				CLANG_WARN_OBJC_ROOT_CLASS = YES_ERROR;
				CLANG_WARN_RANGE_LOOP_ANALYSIS = YES;
				CLANG_WARN_STRICT_PROTOTYPES = YES;
				CLANG_WARN_SUSPICIOUS_MOVE = YES;
				CLANG_WARN_UNGUARDED_AVAILABILITY = YES_AGGRESSIVE;
				CLANG_WARN_UNREACHABLE_CODE = YES;
				CLANG_WARN__DUPLICATE_METHOD_MATCH = YES;
				CODE_SIGN_IDENTITY = "iPhone Developer";
				COPY_PHASE_STRIP = NO;
				DEBUG_INFORMATION_FORMAT = "dwarf-with-dsym";
				ENABLE_NS_ASSERTIONS = NO;
				ENABLE_STRICT_OBJC_MSGSEND = YES;
				GCC_C_LANGUAGE_STANDARD = gnu11;
				GCC_NO_COMMON_BLOCKS = YES;
				GCC_WARN_64_TO_32_BIT_CONVERSION = YES;
				GCC_WARN_ABOUT_RETURN_TYPE = YES_ERROR;
				GCC_WARN_UNDECLARED_SELECTOR = YES;
				GCC_WARN_UNINITIALIZED_AUTOS = YES_AGGRESSIVE;
				GCC_WARN_UNUSED_FUNCTION = YES;
				GCC_WARN_UNUSED_VARIABLE = YES;
				IPHONEOS_DEPLOYMENT_TARGET = 12.2;
				MTL_ENABLE_DEBUG_INFO = NO;
				MTL_FAST_MATH = YES;
				SDKROOT = iphoneos;
				VALIDATE_PRODUCT = YES;
			};
			name = Release;
		};
		D1C77A722369D33A006D72CC /* Debug */ = {
			isa = XCBuildConfiguration;
			buildSettings = {
				ASSETCATALOG_COMPILER_APPICON_NAME = AppIcon;
				CODE_SIGN_STYLE = Automatic;
				DEVELOPMENT_TEAM = Y9ZFK399Y3;
				INFOPLIST_FILE = Meta/Info.plist;
				LD_RUNPATH_SEARCH_PATHS = (
					"$(inherited)",
					"@executable_path/Frameworks",
				);
				PRODUCT_BUNDLE_IDENTIFIER = com.planetdrives.Meta;
				PRODUCT_NAME = "$(TARGET_NAME)";
				TARGETED_DEVICE_FAMILY = "1,2";
			};
			name = Debug;
		};
		D1C77A732369D33A006D72CC /* Release */ = {
			isa = XCBuildConfiguration;
			buildSettings = {
				ASSETCATALOG_COMPILER_APPICON_NAME = AppIcon;
				CODE_SIGN_STYLE = Automatic;
				DEVELOPMENT_TEAM = Y9ZFK399Y3;
				INFOPLIST_FILE = Meta/Info.plist;
				LD_RUNPATH_SEARCH_PATHS = (
					"$(inherited)",
					"@executable_path/Frameworks",
				);
				PRODUCT_BUNDLE_IDENTIFIER = com.planetdrives.Meta;
				PRODUCT_NAME = "$(TARGET_NAME)";
				TARGETED_DEVICE_FAMILY = "1,2";
			};
			name = Release;
		};
/* End XCBuildConfiguration section */

/* Begin XCConfigurationList section */
		D1C77A562369D339006D72CC /* Build configuration list for PBXProject "Meta" */ = {
			isa = XCConfigurationList;
			buildConfigurations = (
				D1C77A6F2369D33A006D72CC /* Debug */,
				D1C77A702369D33A006D72CC /* Release */,
			);
			defaultConfigurationIsVisible = 0;
			defaultConfigurationName = Release;
		};
		D1C77A712369D33A006D72CC /* Build configuration list for PBXNativeTarget "Meta" */ = {
			isa = XCConfigurationList;
			buildConfigurations = (
				D1C77A722369D33A006D72CC /* Debug */,
				D1C77A732369D33A006D72CC /* Release */,
			);
			defaultConfigurationIsVisible = 0;
			defaultConfigurationName = Release;
		};
/* End XCConfigurationList section */
	};
	rootObject = D1C77A532369D339006D72CC /* Project object */;
}
